
Microsoft Visual Studio Solution File, Format Version 12.00
# Visual Studio Version 16
VisualStudioVersion = 16.0.29613.14
MinimumVisualStudioVersion = 10.0.40219.1
Project("{FAE04EC0-301F-11D3-BF4B-00C04F79EFBC}") = "BulCom.UWP", "BulCom\BulCom.UWP\BulCom.UWP.csproj", "{6969D3BC-392C-4507-B38B-068E92577833}"
EndProject
Project("{FAE04EC0-301F-11D3-BF4B-00C04F79EFBC}") = "BulCom.Android", "BulCom\BulCom.Android\BulCom.Android.csproj", "{98AE8C5F-CDDF-4EB9-98FA-1CA5B52D06FD}"
EndProject
Project("{FAE04EC0-301F-11D3-BF4B-00C04F79EFBC}") = "BulCom.iOS", "BulCom\BulCom.iOS\BulCom.iOS.csproj", "{98312F6F-FFAE-40B0-910A-D0F42573C708}"
EndProject
Project("{FAE04EC0-301F-11D3-BF4B-00C04F79EFBC}") = "BulCom", "BulCom\BulCom\BulCom.csproj", "{8F60E2D8-E55B-4C04-9EB2-920B105744E9}"
EndProject
Global
	GlobalSection(SolutionConfigurationPlatforms) = preSolution
		Debug|Any CPU = Debug|Any CPU
		Debug|ARM = Debug|ARM
		Debug|iPhone = Debug|iPhone
		Debug|iPhoneSimulator = Debug|iPhoneSimulator
		Debug|x64 = Debug|x64
		Debug|x86 = Debug|x86
		Release|Any CPU = Release|Any CPU
		Release|ARM = Release|ARM
		Release|iPhone = Release|iPhone
		Release|iPhoneSimulator = Release|iPhoneSimulator
		Release|x64 = Release|x64
		Release|x86 = Release|x86
	EndGlobalSection
	GlobalSection(ProjectConfigurationPlatforms) = postSolution
		{6969D3BC-392C-4507-B38B-068E92577833}.Debug|Any CPU.ActiveCfg = Debug|x86
		{6969D3BC-392C-4507-B38B-068E92577833}.Debug|Any CPU.Build.0 = Debug|x86
		{6969D3BC-392C-4507-B38B-068E92577833}.Debug|Any CPU.Deploy.0 = Debug|x86
		{6969D3BC-392C-4507-B38B-068E92577833}.Debug|ARM.ActiveCfg = Debug|ARM
		{6969D3BC-392C-4507-B38B-068E92577833}.Debug|ARM.Build.0 = Debug|ARM
		{6969D3BC-392C-4507-B38B-068E92577833}.Debug|ARM.Deploy.0 = Debug|ARM
		{6969D3BC-392C-4507-B38B-068E92577833}.Debug|iPhone.ActiveCfg = Debug|x86
		{6969D3BC-392C-4507-B38B-068E92577833}.Debug|iPhone.Build.0 = Debug|x86
		{6969D3BC-392C-4507-B38B-068E92577833}.Debug|iPhone.Deploy.0 = Debug|x86
		{6969D3BC-392C-4507-B38B-068E92577833}.Debug|iPhoneSimulator.ActiveCfg = Debug|x86
		{6969D3BC-392C-4507-B38B-068E92577833}.Debug|iPhoneSimulator.Build.0 = Debug|x86
		{6969D3BC-392C-4507-B38B-068E92577833}.Debug|iPhoneSimulator.Deploy.0 = Debug|x86
		{6969D3BC-392C-4507-B38B-068E92577833}.Debug|x64.ActiveCfg = Debug|x64
		{6969D3BC-392C-4507-B38B-068E92577833}.Debug|x64.Build.0 = Debug|x64
		{6969D3BC-392C-4507-B38B-068E92577833}.Debug|x64.Deploy.0 = Debug|x64
		{6969D3BC-392C-4507-B38B-068E92577833}.Debug|x86.ActiveCfg = Debug|x86
		{6969D3BC-392C-4507-B38B-068E92577833}.Debug|x86.Build.0 = Debug|x86
		{6969D3BC-392C-4507-B38B-068E92577833}.Debug|x86.Deploy.0 = Debug|x86
		{6969D3BC-392C-4507-B38B-068E92577833}.Release|Any CPU.ActiveCfg = Release|x86
		{6969D3BC-392C-4507-B38B-068E92577833}.Release|Any CPU.Build.0 = Release|x86
		{6969D3BC-392C-4507-B38B-068E92577833}.Release|Any CPU.Deploy.0 = Release|x86
		{6969D3BC-392C-4507-B38B-068E92577833}.Release|ARM.ActiveCfg = Release|ARM
		{6969D3BC-392C-4507-B38B-068E92577833}.Release|ARM.Build.0 = Release|ARM
		{6969D3BC-392C-4507-B38B-068E92577833}.Release|ARM.Deploy.0 = Release|ARM
		{6969D3BC-392C-4507-B38B-068E92577833}.Release|iPhone.ActiveCfg = Release|x86
		{6969D3BC-392C-4507-B38B-068E92577833}.Release|iPhone.Build.0 = Release|x86
		{6969D3BC-392C-4507-B38B-068E92577833}.Release|iPhone.Deploy.0 = Release|x86
		{6969D3BC-392C-4507-B38B-068E92577833}.Release|iPhoneSimulator.ActiveCfg = Release|x86
		{6969D3BC-392C-4507-B38B-068E92577833}.Release|iPhoneSimulator.Build.0 = Release|x86
		{6969D3BC-392C-4507-B38B-068E92577833}.Release|iPhoneSimulator.Deploy.0 = Release|x86
		{6969D3BC-392C-4507-B38B-068E92577833}.Release|x64.ActiveCfg = Release|x64
		{6969D3BC-392C-4507-B38B-068E92577833}.Release|x64.Build.0 = Release|x64
		{6969D3BC-392C-4507-B38B-068E92577833}.Release|x64.Deploy.0 = Release|x64
		{6969D3BC-392C-4507-B38B-068E92577833}.Release|x86.ActiveCfg = Release|x86
		{6969D3BC-392C-4507-B38B-068E92577833}.Release|x86.Build.0 = Release|x86
		{6969D3BC-392C-4507-B38B-068E92577833}.Release|x86.Deploy.0 = Release|x86
		{98AE8C5F-CDDF-4EB9-98FA-1CA5B52D06FD}.Debug|Any CPU.ActiveCfg = Debug|Any CPU
		{98AE8C5F-CDDF-4EB9-98FA-1CA5B52D06FD}.Debug|Any CPU.Build.0 = Debug|Any CPU
		{98AE8C5F-CDDF-4EB9-98FA-1CA5B52D06FD}.Debug|Any CPU.Deploy.0 = Debug|Any CPU
		{98AE8C5F-CDDF-4EB9-98FA-1CA5B52D06FD}.Debug|ARM.ActiveCfg = Debug|Any CPU
		{98AE8C5F-CDDF-4EB9-98FA-1CA5B52D06FD}.Debug|ARM.Build.0 = Debug|Any CPU
		{98AE8C5F-CDDF-4EB9-98FA-1CA5B52D06FD}.Debug|ARM.Deploy.0 = Debug|Any CPU
		{98AE8C5F-CDDF-4EB9-98FA-1CA5B52D06FD}.Debug|iPhone.ActiveCfg = Debug|Any CPU
		{98AE8C5F-CDDF-4EB9-98FA-1CA5B52D06FD}.Debug|iPhone.Build.0 = Debug|Any CPU
		{98AE8C5F-CDDF-4EB9-98FA-1CA5B52D06FD}.Debug|iPhone.Deploy.0 = Debug|Any CPU
		{98AE8C5F-CDDF-4EB9-98FA-1CA5B52D06FD}.Debug|iPhoneSimulator.ActiveCfg = Debug|Any CPU
		{98AE8C5F-CDDF-4EB9-98FA-1CA5B52D06FD}.Debug|iPhoneSimulator.Build.0 = Debug|Any CPU
		{98AE8C5F-CDDF-4EB9-98FA-1CA5B52D06FD}.Debug|iPhoneSimulator.Deploy.0 = Debug|Any CPU
		{98AE8C5F-CDDF-4EB9-98FA-1CA5B52D06FD}.Debug|x64.ActiveCfg = Debug|Any CPU
		{98AE8C5F-CDDF-4EB9-98FA-1CA5B52D06FD}.Debug|x64.Build.0 = Debug|Any CPU
		{98AE8C5F-CDDF-4EB9-98FA-1CA5B52D06FD}.Debug|x64.Deploy.0 = Debug|Any CPU
		{98AE8C5F-CDDF-4EB9-98FA-1CA5B52D06FD}.Debug|x86.ActiveCfg = Debug|Any CPU
		{98AE8C5F-CDDF-4EB9-98FA-1CA5B52D06FD}.Debug|x86.Build.0 = Debug|Any CPU
		{98AE8C5F-CDDF-4EB9-98FA-1CA5B52D06FD}.Debug|x86.Deploy.0 = Debug|Any CPU
		{98AE8C5F-CDDF-4EB9-98FA-1CA5B52D06FD}.Release|Any CPU.ActiveCfg = Release|Any CPU
		{98AE8C5F-CDDF-4EB9-98FA-1CA5B52D06FD}.Release|Any CPU.Build.0 = Release|Any CPU
		{98AE8C5F-CDDF-4EB9-98FA-1CA5B52D06FD}.Release|Any CPU.Deploy.0 = Release|Any CPU
		{98AE8C5F-CDDF-4EB9-98FA-1CA5B52D06FD}.Release|ARM.ActiveCfg = Release|Any CPU
		{98AE8C5F-CDDF-4EB9-98FA-1CA5B52D06FD}.Release|ARM.Build.0 = Release|Any CPU
		{98AE8C5F-CDDF-4EB9-98FA-1CA5B52D06FD}.Release|ARM.Deploy.0 = Release|Any CPU
		{98AE8C5F-CDDF-4EB9-98FA-1CA5B52D06FD}.Release|iPhone.ActiveCfg = Release|Any CPU
		{98AE8C5F-CDDF-4EB9-98FA-1CA5B52D06FD}.Release|iPhone.Build.0 = Release|Any CPU
		{98AE8C5F-CDDF-4EB9-98FA-1CA5B52D06FD}.Release|iPhone.Deploy.0 = Release|Any CPU
		{98AE8C5F-CDDF-4EB9-98FA-1CA5B52D06FD}.Release|iPhoneSimulator.ActiveCfg = Release|Any CPU
		{98AE8C5F-CDDF-4EB9-98FA-1CA5B52D06FD}.Release|iPhoneSimulator.Build.0 = Release|Any CPU
		{98AE8C5F-CDDF-4EB9-98FA-1CA5B52D06FD}.Release|iPhoneSimulator.Deploy.0 = Release|Any CPU
		{98AE8C5F-CDDF-4EB9-98FA-1CA5B52D06FD}.Release|x64.ActiveCfg = Release|Any CPU
		{98AE8C5F-CDDF-4EB9-98FA-1CA5B52D06FD}.Release|x64.Build.0 = Release|Any CPU
		{98AE8C5F-CDDF-4EB9-98FA-1CA5B52D06FD}.Release|x64.Deploy.0 = Release|Any CPU
		{98AE8C5F-CDDF-4EB9-98FA-1CA5B52D06FD}.Release|x86.ActiveCfg = Release|Any CPU
		{98AE8C5F-CDDF-4EB9-98FA-1CA5B52D06FD}.Release|x86.Build.0 = Release|Any CPU
		{98AE8C5F-CDDF-4EB9-98FA-1CA5B52D06FD}.Release|x86.Deploy.0 = Release|Any CPU
		{98312F6F-FFAE-40B0-910A-D0F42573C708}.Debug|Any CPU.ActiveCfg = Debug|iPhone
		{98312F6F-FFAE-40B0-910A-D0F42573C708}.Debug|Any CPU.Build.0 = Debug|iPhone
		{98312F6F-FFAE-40B0-910A-D0F42573C708}.Debug|Any CPU.Deploy.0 = Debug|iPhone
		{98312F6F-FFAE-40B0-910A-D0F42573C708}.Debug|ARM.ActiveCfg = Debug|iPhoneSimulator
		{98312F6F-FFAE-40B0-910A-D0F42573C708}.Debug|ARM.Build.0 = Debug|iPhoneSimulator
		{98312F6F-FFAE-40B0-910A-D0F42573C708}.Debug|ARM.Deploy.0 = Debug|iPhoneSimulator
		{98312F6F-FFAE-40B0-910A-D0F42573C708}.Debug|iPhone.ActiveCfg = Debug|iPhone
		{98312F6F-FFAE-40B0-910A-D0F42573C708}.Debug|iPhone.Build.0 = Debug|iPhone
		{98312F6F-FFAE-40B0-910A-D0F42573C708}.Debug|iPhone.Deploy.0 = Debug|iPhone
		{98312F6F-FFAE-40B0-910A-D0F42573C708}.Debug|iPhoneSimulator.ActiveCfg = Debug|iPhoneSimulator
		{98312F6F-FFAE-40B0-910A-D0F42573C708}.Debug|iPhoneSimulator.Build.0 = Debug|iPhoneSimulator
		{98312F6F-FFAE-40B0-910A-D0F42573C708}.Debug|iPhoneSimulator.Deploy.0 = Debug|iPhoneSimulator
		{98312F6F-FFAE-40B0-910A-D0F42573C708}.Debug|x64.ActiveCfg = Debug|iPhone
		{98312F6F-FFAE-40B0-910A-D0F42573C708}.Debug|x64.Build.0 = Debug|iPhone
		{98312F6F-FFAE-40B0-910A-D0F42573C708}.Debug|x64.Deploy.0 = Debug|iPhone
		{98312F6F-FFAE-40B0-910A-D0F42573C708}.Debug|x86.ActiveCfg = Debug|iPhone
		{98312F6F-FFAE-40B0-910A-D0F42573C708}.Debug|x86.Build.0 = Debug|iPhone
		{98312F6F-FFAE-40B0-910A-D0F42573C708}.Debug|x86.Deploy.0 = Debug|iPhone
		{98312F6F-FFAE-40B0-910A-D0F42573C708}.Release|Any CPU.ActiveCfg = Release|iPhone
		{98312F6F-FFAE-40B0-910A-D0F42573C708}.Release|Any CPU.Build.0 = Release|iPhone
		{98312F6F-FFAE-40B0-910A-D0F42573C708}.Release|Any CPU.Deploy.0 = Release|iPhone
		{98312F6F-FFAE-40B0-910A-D0F42573C708}.Release|ARM.ActiveCfg = Release|iPhone
		{98312F6F-FFAE-40B0-910A-D0F42573C708}.Release|ARM.Build.0 = Release|iPhone
		{98312F6F-FFAE-40B0-910A-D0F42573C708}.Release|ARM.Deploy.0 = Release|iPhone
		{98312F6F-FFAE-40B0-910A-D0F42573C708}.Release|iPhone.ActiveCfg = Release|iPhone
		{98312F6F-FFAE-40B0-910A-D0F42573C708}.Release|iPhone.Build.0 = Release|iPhone
		{98312F6F-FFAE-40B0-910A-D0F42573C708}.Release|iPhone.Deploy.0 = Release|iPhone
		{98312F6F-FFAE-40B0-910A-D0F42573C708}.Release|iPhoneSimulator.ActiveCfg = Release|iPhoneSimulator
		{98312F6F-FFAE-40B0-910A-D0F42573C708}.Release|iPhoneSimulator.Build.0 = Release|iPhoneSimulator
		{98312F6F-FFAE-40B0-910A-D0F42573C708}.Release|iPhoneSimulator.Deploy.0 = Release|iPhoneSimulator
		{98312F6F-FFAE-40B0-910A-D0F42573C708}.Release|x64.ActiveCfg = Release|iPhone
		{98312F6F-FFAE-40B0-910A-D0F42573C708}.Release|x64.Build.0 = Release|iPhone
		{98312F6F-FFAE-40B0-910A-D0F42573C708}.Release|x64.Deploy.0 = Release|iPhone
		{98312F6F-FFAE-40B0-910A-D0F42573C708}.Release|x86.ActiveCfg = Release|iPhone
		{98312F6F-FFAE-40B0-910A-D0F42573C708}.Release|x86.Build.0 = Release|iPhone
		{98312F6F-FFAE-40B0-910A-D0F42573C708}.Release|x86.Deploy.0 = Release|iPhone
		{8F60E2D8-E55B-4C04-9EB2-920B105744E9}.Debug|Any CPU.ActiveCfg = Debug|Any CPU
		{8F60E2D8-E55B-4C04-9EB2-920B105744E9}.Debug|Any CPU.Build.0 = Debug|Any CPU
		{8F60E2D8-E55B-4C04-9EB2-920B105744E9}.Debug|Any CPU.Deploy.0 = Debug|Any CPU
		{8F60E2D8-E55B-4C04-9EB2-920B105744E9}.Debug|ARM.ActiveCfg = Debug|Any CPU
		{8F60E2D8-E55B-4C04-9EB2-920B105744E9}.Debug|ARM.Build.0 = Debug|Any CPU
		{8F60E2D8-E55B-4C04-9EB2-920B105744E9}.Debug|ARM.Deploy.0 = Debug|Any CPU
		{8F60E2D8-E55B-4C04-9EB2-920B105744E9}.Debug|iPhone.ActiveCfg = Debug|Any CPU
		{8F60E2D8-E55B-4C04-9EB2-920B105744E9}.Debug|iPhone.Build.0 = Debug|Any CPU
		{8F60E2D8-E55B-4C04-9EB2-920B105744E9}.Debug|iPhone.Deploy.0 = Debug|Any CPU
		{8F60E2D8-E55B-4C04-9EB2-920B105744E9}.Debug|iPhoneSimulator.ActiveCfg = Debug|Any CPU
		{8F60E2D8-E55B-4C04-9EB2-920B105744E9}.Debug|iPhoneSimulator.Build.0 = Debug|Any CPU
		{8F60E2D8-E55B-4C04-9EB2-920B105744E9}.Debug|iPhoneSimulator.Deploy.0 = Debug|Any CPU
		{8F60E2D8-E55B-4C04-9EB2-920B105744E9}.Debug|x64.ActiveCfg = Debug|Any CPU
		{8F60E2D8-E55B-4C04-9EB2-920B105744E9}.Debug|x64.Build.0 = Debug|Any CPU
		{8F60E2D8-E55B-4C04-9EB2-920B105744E9}.Debug|x64.Deploy.0 = Debug|Any CPU
		{8F60E2D8-E55B-4C04-9EB2-920B105744E9}.Debug|x86.ActiveCfg = Debug|Any CPU
		{8F60E2D8-E55B-4C04-9EB2-920B105744E9}.Debug|x86.Build.0 = Debug|Any CPU
		{8F60E2D8-E55B-4C04-9EB2-920B105744E9}.Debug|x86.Deploy.0 = Debug|Any CPU
		{8F60E2D8-E55B-4C04-9EB2-920B105744E9}.Release|Any CPU.ActiveCfg = Release|Any CPU
		{8F60E2D8-E55B-4C04-9EB2-920B105744E9}.Release|Any CPU.Build.0 = Release|Any CPU
		{8F60E2D8-E55B-4C04-9EB2-920B105744E9}.Release|Any CPU.Deploy.0 = Release|Any CPU
		{8F60E2D8-E55B-4C04-9EB2-920B105744E9}.Release|ARM.ActiveCfg = Release|Any CPU
		{8F60E2D8-E55B-4C04-9EB2-920B105744E9}.Release|ARM.Build.0 = Release|Any CPU
		{8F60E2D8-E55B-4C04-9EB2-920B105744E9}.Release|ARM.Deploy.0 = Release|Any CPU
		{8F60E2D8-E55B-4C04-9EB2-920B105744E9}.Release|iPhone.ActiveCfg = Release|Any CPU
		{8F60E2D8-E55B-4C04-9EB2-920B105744E9}.Release|iPhone.Build.0 = Release|Any CPU
		{8F60E2D8-E55B-4C04-9EB2-920B105744E9}.Release|iPhone.Deploy.0 = Release|Any CPU
		{8F60E2D8-E55B-4C04-9EB2-920B105744E9}.Release|iPhoneSimulator.ActiveCfg = Release|Any CPU
		{8F60E2D8-E55B-4C04-9EB2-920B105744E9}.Release|iPhoneSimulator.Build.0 = Release|Any CPU
		{8F60E2D8-E55B-4C04-9EB2-920B105744E9}.Release|iPhoneSimulator.Deploy.0 = Release|Any CPU
		{8F60E2D8-E55B-4C04-9EB2-920B105744E9}.Release|x64.ActiveCfg = Release|Any CPU
		{8F60E2D8-E55B-4C04-9EB2-920B105744E9}.Release|x64.Build.0 = Release|Any CPU
		{8F60E2D8-E55B-4C04-9EB2-920B105744E9}.Release|x64.Deploy.0 = Release|Any CPU
		{8F60E2D8-E55B-4C04-9EB2-920B105744E9}.Release|x86.ActiveCfg = Release|Any CPU
		{8F60E2D8-E55B-4C04-9EB2-920B105744E9}.Release|x86.Build.0 = Release|Any CPU
		{8F60E2D8-E55B-4C04-9EB2-920B105744E9}.Release|x86.Deploy.0 = Release|Any CPU
	EndGlobalSection
	GlobalSection(SolutionProperties) = preSolution
		HideSolutionNode = FALSE
	EndGlobalSection
	GlobalSection(ExtensibilityGlobals) = postSolution
		SolutionGuid = {6A3A13E8-C27F-49AE-97FD-20CB0AC3DC4A}
	EndGlobalSection
EndGlobal
